// !$*UTF8*$!
{
	archiveVersion = 1;
	classes = {
	};
	objectVersion = 51;
	objects = {

/* Begin PBXBuildFile section */
		5608F3E8235DF6AF008A8BA4 /* AppDelegate.swift in Sources */ = {isa = PBXBuildFile; fileRef = 5608F3E7235DF6AF008A8BA4 /* AppDelegate.swift */; };
		5608F3ED235DF6AF008A8BA4 /* Main.storyboard in Resources */ = {isa = PBXBuildFile; fileRef = 5608F3EB235DF6AF008A8BA4 /* Main.storyboard */; };
		5608F3F0235DF6AF008A8BA4 /* Reciplease.xcdatamodeld in Sources */ = {isa = PBXBuildFile; fileRef = 5608F3EE235DF6AF008A8BA4 /* Reciplease.xcdatamodeld */; };
		5608F3F2235DF6BD008A8BA4 /* Assets.xcassets in Resources */ = {isa = PBXBuildFile; fileRef = 5608F3F1235DF6BD008A8BA4 /* Assets.xcassets */; };
		5608F3F5235DF6BD008A8BA4 /* LaunchScreen.storyboard in Resources */ = {isa = PBXBuildFile; fileRef = 5608F3F3235DF6BD008A8BA4 /* LaunchScreen.storyboard */; };
		56C0939E2362EDD80030D85E /* SearchViewController.swift in Sources */ = {isa = PBXBuildFile; fileRef = 56C0939D2362EDD80030D85E /* SearchViewController.swift */; };
		56C093A02362F4C40030D85E /* UIViewControllerExtension.swift in Sources */ = {isa = PBXBuildFile; fileRef = 56C0939F2362F4C40030D85E /* UIViewControllerExtension.swift */; };
		56EA08EC2383E87F0087C1EE /* ExtensionsUIImageView.swift in Sources */ = {isa = PBXBuildFile; fileRef = 56EA08EB2383E87F0087C1EE /* ExtensionsUIImageView.swift */; };
		56EA08F1238452350087C1EE /* MockCoreDataStack.swift in Sources */ = {isa = PBXBuildFile; fileRef = 56EA08F0238452350087C1EE /* MockCoreDataStack.swift */; };
		56EA08F32384532E0087C1EE /* CoreDataManagerTests.swift in Sources */ = {isa = PBXBuildFile; fileRef = 56EA08F22384532E0087C1EE /* CoreDataManagerTests.swift */; };
		56EA08F6238BE09C0087C1EE /* RecipeTableViewCell.swift in Sources */ = {isa = PBXBuildFile; fileRef = 56EA08F4238BE09B0087C1EE /* RecipeTableViewCell.swift */; };
		56EA08F8238BEE560087C1EE /* RecipeTableViewCell.xib in Resources */ = {isa = PBXBuildFile; fileRef = 56EA08F5238BE09B0087C1EE /* RecipeTableViewCell.xib */; };
		56EA08FA238BFA5F0087C1EE /* RecipeDetailsViewController.swift in Sources */ = {isa = PBXBuildFile; fileRef = 56EA08F9238BFA5F0087C1EE /* RecipeDetailsViewController.swift */; };
		56FEA6E9237558E7002341C1 /* Recipe.swift in Sources */ = {isa = PBXBuildFile; fileRef = 56FEA6E8237558E7002341C1 /* Recipe.swift */; };
		56FEA6EB237559EE002341C1 /* ErrorCases.swift in Sources */ = {isa = PBXBuildFile; fileRef = 56FEA6EA237559EE002341C1 /* ErrorCases.swift */; };
		56FEA6EF23756D18002341C1 /* RecipesViewController.swift in Sources */ = {isa = PBXBuildFile; fileRef = 56FEA6EE23756D18002341C1 /* RecipesViewController.swift */; };
		56FEA6F3237C4A36002341C1 /* SearchSession.swift in Sources */ = {isa = PBXBuildFile; fileRef = 56FEA6F2237C4A36002341C1 /* SearchSession.swift */; };
		56FEA6F7237C5DDA002341C1 /* SearchService.swift in Sources */ = {isa = PBXBuildFile; fileRef = 56FEA6F6237C5DDA002341C1 /* SearchService.swift */; };
		56FEA702237D6072002341C1 /* SearchServiceTestCase.swift in Sources */ = {isa = PBXBuildFile; fileRef = 56FEA701237D6071002341C1 /* SearchServiceTestCase.swift */; };
		56FEA70A237D6365002341C1 /* StringExtension.swift in Sources */ = {isa = PBXBuildFile; fileRef = 56FEA709237D6365002341C1 /* StringExtension.swift */; };
		56FEA70C237D69A7002341C1 /* CoreDataManager.swift in Sources */ = {isa = PBXBuildFile; fileRef = 56FEA70B237D69A7002341C1 /* CoreDataManager.swift */; };
		56FEA70E237D69BB002341C1 /* CoreDataStack.swift in Sources */ = {isa = PBXBuildFile; fileRef = 56FEA70D237D69BB002341C1 /* CoreDataStack.swift */; };
		56FEA714237F0517002341C1 /* FakeResponseData.swift in Sources */ = {isa = PBXBuildFile; fileRef = 56FEA713237F0517002341C1 /* FakeResponseData.swift */; };
		56FEA716237F0544002341C1 /* MockSearchSession.swift in Sources */ = {isa = PBXBuildFile; fileRef = 56FEA715237F0544002341C1 /* MockSearchSession.swift */; };
		56FEA718237F10DB002341C1 /* recipe.json in Resources */ = {isa = PBXBuildFile; fileRef = 56FEA717237F10DB002341C1 /* recipe.json */; };
		766FEE6D8A2EEF9A278D38B1 /* Pods_RecipleaseTests.framework in Frameworks */ = {isa = PBXBuildFile; fileRef = 5927916E5DAFBAD53DA7FC47 /* Pods_RecipleaseTests.framework */; };
		7F251408E825D4CFAC8CB77D /* Pods_Reciplease.framework in Frameworks */ = {isa = PBXBuildFile; fileRef = 4F6EAB53A0AD34D362B1F4CA /* Pods_Reciplease.framework */; };
/* End PBXBuildFile section */

/* Begin PBXContainerItemProxy section */
		56FEA704237D6072002341C1 /* PBXContainerItemProxy */ = {
			isa = PBXContainerItemProxy;
			containerPortal = 5608F3DC235DF6AF008A8BA4 /* Project object */;
			proxyType = 1;
			remoteGlobalIDString = 5608F3E3235DF6AF008A8BA4;
			remoteInfo = Reciplease;
		};
/* End PBXContainerItemProxy section */

/* Begin PBXFileReference section */
		276ED32BFC3233B10D95F6EA /* Pods-RecipleaseTests.debug.xcconfig */ = {isa = PBXFileReference; includeInIndex = 1; lastKnownFileType = text.xcconfig; name = "Pods-RecipleaseTests.debug.xcconfig"; path = "Target Support Files/Pods-RecipleaseTests/Pods-RecipleaseTests.debug.xcconfig"; sourceTree = "<group>"; };
		4F6EAB53A0AD34D362B1F4CA /* Pods_Reciplease.framework */ = {isa = PBXFileReference; explicitFileType = wrapper.framework; includeInIndex = 0; path = Pods_Reciplease.framework; sourceTree = BUILT_PRODUCTS_DIR; };
		5608F3E4235DF6AF008A8BA4 /* Reciplease.app */ = {isa = PBXFileReference; explicitFileType = wrapper.application; includeInIndex = 0; path = Reciplease.app; sourceTree = BUILT_PRODUCTS_DIR; };
		5608F3E7235DF6AF008A8BA4 /* AppDelegate.swift */ = {isa = PBXFileReference; lastKnownFileType = sourcecode.swift; path = AppDelegate.swift; sourceTree = "<group>"; };
		5608F3EC235DF6AF008A8BA4 /* Base */ = {isa = PBXFileReference; lastKnownFileType = file.storyboard; name = Base; path = Base.lproj/Main.storyboard; sourceTree = "<group>"; };
		5608F3EF235DF6AF008A8BA4 /* Reciplease.xcdatamodel */ = {isa = PBXFileReference; lastKnownFileType = wrapper.xcdatamodel; path = Reciplease.xcdatamodel; sourceTree = "<group>"; };
		5608F3F1235DF6BD008A8BA4 /* Assets.xcassets */ = {isa = PBXFileReference; lastKnownFileType = folder.assetcatalog; path = Assets.xcassets; sourceTree = "<group>"; };
		5608F3F4235DF6BD008A8BA4 /* Base */ = {isa = PBXFileReference; lastKnownFileType = file.storyboard; name = Base; path = Base.lproj/LaunchScreen.storyboard; sourceTree = "<group>"; };
		5608F3F6235DF6BD008A8BA4 /* Info.plist */ = {isa = PBXFileReference; lastKnownFileType = text.plist.xml; path = Info.plist; sourceTree = "<group>"; };
		56C0939D2362EDD80030D85E /* SearchViewController.swift */ = {isa = PBXFileReference; lastKnownFileType = sourcecode.swift; path = SearchViewController.swift; sourceTree = "<group>"; };
		56C0939F2362F4C40030D85E /* UIViewControllerExtension.swift */ = {isa = PBXFileReference; lastKnownFileType = sourcecode.swift; path = UIViewControllerExtension.swift; sourceTree = "<group>"; };
		56EA08EB2383E87F0087C1EE /* ExtensionsUIImageView.swift */ = {isa = PBXFileReference; lastKnownFileType = sourcecode.swift; path = ExtensionsUIImageView.swift; sourceTree = "<group>"; };
		56EA08F0238452350087C1EE /* MockCoreDataStack.swift */ = {isa = PBXFileReference; lastKnownFileType = sourcecode.swift; path = MockCoreDataStack.swift; sourceTree = "<group>"; };
		56EA08F22384532E0087C1EE /* CoreDataManagerTests.swift */ = {isa = PBXFileReference; lastKnownFileType = sourcecode.swift; path = CoreDataManagerTests.swift; sourceTree = "<group>"; };
		56EA08F4238BE09B0087C1EE /* RecipeTableViewCell.swift */ = {isa = PBXFileReference; lastKnownFileType = sourcecode.swift; path = RecipeTableViewCell.swift; sourceTree = "<group>"; };
		56EA08F5238BE09B0087C1EE /* RecipeTableViewCell.xib */ = {isa = PBXFileReference; lastKnownFileType = file.xib; path = RecipeTableViewCell.xib; sourceTree = "<group>"; };
		56EA08F9238BFA5F0087C1EE /* RecipeDetailsViewController.swift */ = {isa = PBXFileReference; lastKnownFileType = sourcecode.swift; path = RecipeDetailsViewController.swift; sourceTree = "<group>"; };
		56FEA6E8237558E7002341C1 /* Recipe.swift */ = {isa = PBXFileReference; lastKnownFileType = sourcecode.swift; path = Recipe.swift; sourceTree = "<group>"; };
		56FEA6EA237559EE002341C1 /* ErrorCases.swift */ = {isa = PBXFileReference; lastKnownFileType = sourcecode.swift; path = ErrorCases.swift; sourceTree = "<group>"; };
		56FEA6EE23756D18002341C1 /* RecipesViewController.swift */ = {isa = PBXFileReference; lastKnownFileType = sourcecode.swift; path = RecipesViewController.swift; sourceTree = "<group>"; };
		56FEA6F2237C4A36002341C1 /* SearchSession.swift */ = {isa = PBXFileReference; lastKnownFileType = sourcecode.swift; path = SearchSession.swift; sourceTree = "<group>"; };
		56FEA6F6237C5DDA002341C1 /* SearchService.swift */ = {isa = PBXFileReference; lastKnownFileType = sourcecode.swift; path = SearchService.swift; sourceTree = "<group>"; };
		56FEA6FF237D6071002341C1 /* RecipleaseTests.xctest */ = {isa = PBXFileReference; explicitFileType = wrapper.cfbundle; includeInIndex = 0; path = RecipleaseTests.xctest; sourceTree = BUILT_PRODUCTS_DIR; };
		56FEA701237D6071002341C1 /* SearchServiceTestCase.swift */ = {isa = PBXFileReference; lastKnownFileType = sourcecode.swift; path = SearchServiceTestCase.swift; sourceTree = "<group>"; };
		56FEA703237D6072002341C1 /* Info.plist */ = {isa = PBXFileReference; lastKnownFileType = text.plist.xml; path = Info.plist; sourceTree = "<group>"; };
		56FEA709237D6365002341C1 /* StringExtension.swift */ = {isa = PBXFileReference; lastKnownFileType = sourcecode.swift; path = StringExtension.swift; sourceTree = "<group>"; };
		56FEA70B237D69A7002341C1 /* CoreDataManager.swift */ = {isa = PBXFileReference; lastKnownFileType = sourcecode.swift; path = CoreDataManager.swift; sourceTree = "<group>"; };
		56FEA70D237D69BB002341C1 /* CoreDataStack.swift */ = {isa = PBXFileReference; lastKnownFileType = sourcecode.swift; path = CoreDataStack.swift; sourceTree = "<group>"; };
		56FEA713237F0517002341C1 /* FakeResponseData.swift */ = {isa = PBXFileReference; lastKnownFileType = sourcecode.swift; path = FakeResponseData.swift; sourceTree = "<group>"; };
		56FEA715237F0544002341C1 /* MockSearchSession.swift */ = {isa = PBXFileReference; lastKnownFileType = sourcecode.swift; path = MockSearchSession.swift; sourceTree = "<group>"; };
		56FEA717237F10DB002341C1 /* recipe.json */ = {isa = PBXFileReference; lastKnownFileType = text.json; path = recipe.json; sourceTree = "<group>"; };
		5927916E5DAFBAD53DA7FC47 /* Pods_RecipleaseTests.framework */ = {isa = PBXFileReference; explicitFileType = wrapper.framework; includeInIndex = 0; path = Pods_RecipleaseTests.framework; sourceTree = BUILT_PRODUCTS_DIR; };
		5B5FA066B921F1AA4F3CA942 /* Pods-RecipleaseTests.release.xcconfig */ = {isa = PBXFileReference; includeInIndex = 1; lastKnownFileType = text.xcconfig; name = "Pods-RecipleaseTests.release.xcconfig"; path = "Target Support Files/Pods-RecipleaseTests/Pods-RecipleaseTests.release.xcconfig"; sourceTree = "<group>"; };
		60DEFFD74D192FEBD7BAA427 /* Pods-Reciplease.release.xcconfig */ = {isa = PBXFileReference; includeInIndex = 1; lastKnownFileType = text.xcconfig; name = "Pods-Reciplease.release.xcconfig"; path = "Target Support Files/Pods-Reciplease/Pods-Reciplease.release.xcconfig"; sourceTree = "<group>"; };
		85053C61EFADB588A3449B26 /* Pods-Reciplease.debug.xcconfig */ = {isa = PBXFileReference; includeInIndex = 1; lastKnownFileType = text.xcconfig; name = "Pods-Reciplease.debug.xcconfig"; path = "Target Support Files/Pods-Reciplease/Pods-Reciplease.debug.xcconfig"; sourceTree = "<group>"; };
/* End PBXFileReference section */

/* Begin PBXFrameworksBuildPhase section */
		5608F3E1235DF6AF008A8BA4 /* Frameworks */ = {
			isa = PBXFrameworksBuildPhase;
			buildActionMask = 2147483647;
			files = (
				7F251408E825D4CFAC8CB77D /* Pods_Reciplease.framework in Frameworks */,
			);
			runOnlyForDeploymentPostprocessing = 0;
		};
		56FEA6FC237D6071002341C1 /* Frameworks */ = {
			isa = PBXFrameworksBuildPhase;
			buildActionMask = 2147483647;
			files = (
				766FEE6D8A2EEF9A278D38B1 /* Pods_RecipleaseTests.framework in Frameworks */,
			);
			runOnlyForDeploymentPostprocessing = 0;
		};
/* End PBXFrameworksBuildPhase section */

/* Begin PBXGroup section */
		5608F3DB235DF6AF008A8BA4 = {
			isa = PBXGroup;
			children = (
				5608F3E6235DF6AF008A8BA4 /* Reciplease */,
				56FEA700237D6071002341C1 /* RecipleaseTests */,
				5608F3E5235DF6AF008A8BA4 /* Products */,
				AD78FD7671EEA5F236F68F8D /* Pods */,
				A89E5932B0D7F380DDEB8DE4 /* Frameworks */,
			);
			sourceTree = "<group>";
		};
		5608F3E5235DF6AF008A8BA4 /* Products */ = {
			isa = PBXGroup;
			children = (
				5608F3E4235DF6AF008A8BA4 /* Reciplease.app */,
				56FEA6FF237D6071002341C1 /* RecipleaseTests.xctest */,
			);
			name = Products;
			sourceTree = "<group>";
		};
		5608F3E6235DF6AF008A8BA4 /* Reciplease */ = {
			isa = PBXGroup;
			children = (
				56FEA6EA237559EE002341C1 /* ErrorCases.swift */,
				5608F3FF235DF70B008A8BA4 /* Supporting Files */,
				56FEA6DC23755680002341C1 /* Extensions */,
				5608F3FD235DF707008A8BA4 /* View */,
				56FEA6D823755604002341C1 /* Search */,
				56FEA6DB23755655002341C1 /* Recipes */,
				56FEA6DA23755640002341C1 /* RecipeDetails */,
				56FEA6D92375560D002341C1 /* Favorites */,
				5608F3EE235DF6AF008A8BA4 /* Reciplease.xcdatamodeld */,
				56FEA70B237D69A7002341C1 /* CoreDataManager.swift */,
				56FEA70D237D69BB002341C1 /* CoreDataStack.swift */,
			);
			path = Reciplease;
			sourceTree = "<group>";
		};
		5608F3FD235DF707008A8BA4 /* View */ = {
			isa = PBXGroup;
			children = (
				5608F3EB235DF6AF008A8BA4 /* Main.storyboard */,
			);
			path = View;
			sourceTree = "<group>";
		};
		5608F3FF235DF70B008A8BA4 /* Supporting Files */ = {
			isa = PBXGroup;
			children = (
				5608F3E7235DF6AF008A8BA4 /* AppDelegate.swift */,
				5608F3F1235DF6BD008A8BA4 /* Assets.xcassets */,
				5608F3F3235DF6BD008A8BA4 /* LaunchScreen.storyboard */,
				5608F3F6235DF6BD008A8BA4 /* Info.plist */,
			);
			path = "Supporting Files";
			sourceTree = "<group>";
		};
		56EA08ED238451E70087C1EE /* CoreDataManagerTests */ = {
			isa = PBXGroup;
			children = (
				56EA08F0238452350087C1EE /* MockCoreDataStack.swift */,
				56EA08F22384532E0087C1EE /* CoreDataManagerTests.swift */,
			);
			path = CoreDataManagerTests;
			sourceTree = "<group>";
		};
		56FEA6D823755604002341C1 /* Search */ = {
			isa = PBXGroup;
			children = (
				56FEA6DE237556BD002341C1 /* Model */,
				56FEA6DD237556BB002341C1 /* Controller */,
			);
			path = Search;
			sourceTree = "<group>";
		};
		56FEA6D92375560D002341C1 /* Favorites */ = {
			isa = PBXGroup;
			children = (
				56FEA6E4237556E5002341C1 /* Controller */,
				56FEA6E3237556E0002341C1 /* Model */,
			);
			path = Favorites;
			sourceTree = "<group>";
		};
		56FEA6DA23755640002341C1 /* RecipeDetails */ = {
			isa = PBXGroup;
			children = (
				56FEA6E2237556DA002341C1 /* Controller */,
				56FEA6E1237556D3002341C1 /* Model */,
			);
			path = RecipeDetails;
			sourceTree = "<group>";
		};
		56FEA6DB23755655002341C1 /* Recipes */ = {
			isa = PBXGroup;
			children = (
				56FEA6E0237556CD002341C1 /* Controller */,
				56FEA6DF237556C5002341C1 /* Model */,
				56FEA70F237EDD1C002341C1 /* View */,
			);
			path = Recipes;
			sourceTree = "<group>";
		};
		56FEA6DC23755680002341C1 /* Extensions */ = {
			isa = PBXGroup;
			children = (
				56C0939F2362F4C40030D85E /* UIViewControllerExtension.swift */,
				56FEA709237D6365002341C1 /* StringExtension.swift */,
				56EA08EB2383E87F0087C1EE /* ExtensionsUIImageView.swift */,
			);
			path = Extensions;
			sourceTree = "<group>";
		};
		56FEA6DD237556BB002341C1 /* Controller */ = {
			isa = PBXGroup;
			children = (
				56C0939D2362EDD80030D85E /* SearchViewController.swift */,
			);
			path = Controller;
			sourceTree = "<group>";
		};
		56FEA6DE237556BD002341C1 /* Model */ = {
			isa = PBXGroup;
			children = (
				56FEA6F2237C4A36002341C1 /* SearchSession.swift */,
				56FEA6F6237C5DDA002341C1 /* SearchService.swift */,
				56FEA6E8237558E7002341C1 /* Recipe.swift */,
			);
			path = Model;
			sourceTree = "<group>";
		};
		56FEA6DF237556C5002341C1 /* Model */ = {
			isa = PBXGroup;
			children = (
			);
			path = Model;
			sourceTree = "<group>";
		};
		56FEA6E0237556CD002341C1 /* Controller */ = {
			isa = PBXGroup;
			children = (
				56FEA6EE23756D18002341C1 /* RecipesViewController.swift */,
			);
			path = Controller;
			sourceTree = "<group>";
		};
		56FEA6E1237556D3002341C1 /* Model */ = {
			isa = PBXGroup;
			children = (
			);
			path = Model;
			sourceTree = "<group>";
		};
		56FEA6E2237556DA002341C1 /* Controller */ = {
			isa = PBXGroup;
			children = (
				56EA08F9238BFA5F0087C1EE /* RecipeDetailsViewController.swift */,
			);
			path = Controller;
			sourceTree = "<group>";
		};
		56FEA6E3237556E0002341C1 /* Model */ = {
			isa = PBXGroup;
			children = (
			);
			path = Model;
			sourceTree = "<group>";
		};
		56FEA6E4237556E5002341C1 /* Controller */ = {
			isa = PBXGroup;
			children = (
			);
			path = Controller;
			sourceTree = "<group>";
		};
		56FEA700237D6071002341C1 /* RecipleaseTests */ = {
			isa = PBXGroup;
			children = (
				56EA08ED238451E70087C1EE /* CoreDataManagerTests */,
				56FEA703237D6072002341C1 /* Info.plist */,
				56FEA710237EEDF8002341C1 /* SearchServiceTestCase */,
			);
			path = RecipleaseTests;
			sourceTree = "<group>";
		};
		56FEA70F237EDD1C002341C1 /* View */ = {
			isa = PBXGroup;
			children = (
				56EA08F4238BE09B0087C1EE /* RecipeTableViewCell.swift */,
				56EA08F5238BE09B0087C1EE /* RecipeTableViewCell.xib */,
			);
			path = View;
			sourceTree = "<group>";
		};
		56FEA710237EEDF8002341C1 /* SearchServiceTestCase */ = {
			isa = PBXGroup;
			children = (
				56FEA712237F04FC002341C1 /* Helpers */,
				56FEA701237D6071002341C1 /* SearchServiceTestCase.swift */,
			);
			path = SearchServiceTestCase;
			sourceTree = "<group>";
		};
		56FEA712237F04FC002341C1 /* Helpers */ = {
			isa = PBXGroup;
			children = (
				56FEA713237F0517002341C1 /* FakeResponseData.swift */,
				56FEA715237F0544002341C1 /* MockSearchSession.swift */,
				56FEA717237F10DB002341C1 /* recipe.json */,
			);
			path = Helpers;
			sourceTree = "<group>";
		};
		A89E5932B0D7F380DDEB8DE4 /* Frameworks */ = {
			isa = PBXGroup;
			children = (
				4F6EAB53A0AD34D362B1F4CA /* Pods_Reciplease.framework */,
				5927916E5DAFBAD53DA7FC47 /* Pods_RecipleaseTests.framework */,
			);
			name = Frameworks;
			sourceTree = "<group>";
		};
		AD78FD7671EEA5F236F68F8D /* Pods */ = {
			isa = PBXGroup;
			children = (
				85053C61EFADB588A3449B26 /* Pods-Reciplease.debug.xcconfig */,
				60DEFFD74D192FEBD7BAA427 /* Pods-Reciplease.release.xcconfig */,
				276ED32BFC3233B10D95F6EA /* Pods-RecipleaseTests.debug.xcconfig */,
				5B5FA066B921F1AA4F3CA942 /* Pods-RecipleaseTests.release.xcconfig */,
			);
			path = Pods;
			sourceTree = "<group>";
		};
/* End PBXGroup section */

/* Begin PBXNativeTarget section */
		5608F3E3235DF6AF008A8BA4 /* Reciplease */ = {
			isa = PBXNativeTarget;
			buildConfigurationList = 5608F3F9235DF6BD008A8BA4 /* Build configuration list for PBXNativeTarget "Reciplease" */;
			buildPhases = (
				2D3EFC42DF6A7FA357CB97A3 /* [CP] Check Pods Manifest.lock */,
				5608F3E0235DF6AF008A8BA4 /* Sources */,
				5608F3E1235DF6AF008A8BA4 /* Frameworks */,
				5608F3E2235DF6AF008A8BA4 /* Resources */,
				50F3EF668058179D81B4E2FF /* [CP] Embed Pods Frameworks */,
			);
			buildRules = (
			);
			dependencies = (
			);
			name = Reciplease;
			productName = Reciplease;
			productReference = 5608F3E4235DF6AF008A8BA4 /* Reciplease.app */;
			productType = "com.apple.product-type.application";
		};
		56FEA6FE237D6071002341C1 /* RecipleaseTests */ = {
			isa = PBXNativeTarget;
			buildConfigurationList = 56FEA708237D6072002341C1 /* Build configuration list for PBXNativeTarget "RecipleaseTests" */;
			buildPhases = (
				4652C408F890A482065F9479 /* [CP] Check Pods Manifest.lock */,
				56FEA6FB237D6071002341C1 /* Sources */,
				56FEA6FC237D6071002341C1 /* Frameworks */,
				56FEA6FD237D6071002341C1 /* Resources */,
				654ACD700AB37B2691209F48 /* [CP] Embed Pods Frameworks */,
			);
			buildRules = (
			);
			dependencies = (
				56FEA705237D6072002341C1 /* PBXTargetDependency */,
			);
			name = RecipleaseTests;
			productName = RecipleaseTests;
			productReference = 56FEA6FF237D6071002341C1 /* RecipleaseTests.xctest */;
			productType = "com.apple.product-type.bundle.unit-test";
		};
/* End PBXNativeTarget section */

/* Begin PBXProject section */
		5608F3DC235DF6AF008A8BA4 /* Project object */ = {
			isa = PBXProject;
			attributes = {
				LastSwiftUpdateCheck = 1030;
				LastUpgradeCheck = 1030;
				ORGANIZATIONNAME = PaulineNomballais;
				TargetAttributes = {
					5608F3E3235DF6AF008A8BA4 = {
						CreatedOnToolsVersion = 10.3;
					};
					56FEA6FE237D6071002341C1 = {
						CreatedOnToolsVersion = 10.3;
						TestTargetID = 5608F3E3235DF6AF008A8BA4;
					};
				};
			};
			buildConfigurationList = 5608F3DF235DF6AF008A8BA4 /* Build configuration list for PBXProject "Reciplease" */;
			compatibilityVersion = "Xcode 9.3";
			developmentRegion = en;
			hasScannedForEncodings = 0;
			knownRegions = (
				en,
				Base,
			);
			mainGroup = 5608F3DB235DF6AF008A8BA4;
			productRefGroup = 5608F3E5235DF6AF008A8BA4 /* Products */;
			projectDirPath = "";
			projectRoot = "";
			targets = (
				5608F3E3235DF6AF008A8BA4 /* Reciplease */,
				56FEA6FE237D6071002341C1 /* RecipleaseTests */,
			);
		};
/* End PBXProject section */

/* Begin PBXResourcesBuildPhase section */
		5608F3E2235DF6AF008A8BA4 /* Resources */ = {
			isa = PBXResourcesBuildPhase;
			buildActionMask = 2147483647;
			files = (
				5608F3F5235DF6BD008A8BA4 /* LaunchScreen.storyboard in Resources */,
				5608F3F2235DF6BD008A8BA4 /* Assets.xcassets in Resources */,
				5608F3ED235DF6AF008A8BA4 /* Main.storyboard in Resources */,
				56EA08F8238BEE560087C1EE /* RecipeTableViewCell.xib in Resources */,
			);
			runOnlyForDeploymentPostprocessing = 0;
		};
		56FEA6FD237D6071002341C1 /* Resources */ = {
			isa = PBXResourcesBuildPhase;
			buildActionMask = 2147483647;
			files = (
				56FEA718237F10DB002341C1 /* recipe.json in Resources */,
			);
			runOnlyForDeploymentPostprocessing = 0;
		};
/* End PBXResourcesBuildPhase section */

/* Begin PBXShellScriptBuildPhase section */
		2D3EFC42DF6A7FA357CB97A3 /* [CP] Check Pods Manifest.lock */ = {
			isa = PBXShellScriptBuildPhase;
			buildActionMask = 2147483647;
			files = (
			);
			inputFileListPaths = (
			);
			inputPaths = (
				"${PODS_PODFILE_DIR_PATH}/Podfile.lock",
				"${PODS_ROOT}/Manifest.lock",
			);
			name = "[CP] Check Pods Manifest.lock";
			outputFileListPaths = (
			);
			outputPaths = (
				"$(DERIVED_FILE_DIR)/Pods-Reciplease-checkManifestLockResult.txt",
			);
			runOnlyForDeploymentPostprocessing = 0;
			shellPath = /bin/sh;
			shellScript = "diff \"${PODS_PODFILE_DIR_PATH}/Podfile.lock\" \"${PODS_ROOT}/Manifest.lock\" > /dev/null\nif [ $? != 0 ] ; then\n    # print error to STDERR\n    echo \"error: The sandbox is not in sync with the Podfile.lock. Run 'pod install' or update your CocoaPods installation.\" >&2\n    exit 1\nfi\n# This output is used by Xcode 'outputs' to avoid re-running this script phase.\necho \"SUCCESS\" > \"${SCRIPT_OUTPUT_FILE_0}\"\n";
			showEnvVarsInLog = 0;
		};
		4652C408F890A482065F9479 /* [CP] Check Pods Manifest.lock */ = {
			isa = PBXShellScriptBuildPhase;
			buildActionMask = 2147483647;
			files = (
			);
			inputFileListPaths = (
			);
			inputPaths = (
				"${PODS_PODFILE_DIR_PATH}/Podfile.lock",
				"${PODS_ROOT}/Manifest.lock",
			);
			name = "[CP] Check Pods Manifest.lock";
			outputFileListPaths = (
			);
			outputPaths = (
				"$(DERIVED_FILE_DIR)/Pods-RecipleaseTests-checkManifestLockResult.txt",
			);
			runOnlyForDeploymentPostprocessing = 0;
			shellPath = /bin/sh;
			shellScript = "diff \"${PODS_PODFILE_DIR_PATH}/Podfile.lock\" \"${PODS_ROOT}/Manifest.lock\" > /dev/null\nif [ $? != 0 ] ; then\n    # print error to STDERR\n    echo \"error: The sandbox is not in sync with the Podfile.lock. Run 'pod install' or update your CocoaPods installation.\" >&2\n    exit 1\nfi\n# This output is used by Xcode 'outputs' to avoid re-running this script phase.\necho \"SUCCESS\" > \"${SCRIPT_OUTPUT_FILE_0}\"\n";
			showEnvVarsInLog = 0;
		};
		50F3EF668058179D81B4E2FF /* [CP] Embed Pods Frameworks */ = {
			isa = PBXShellScriptBuildPhase;
			buildActionMask = 2147483647;
			files = (
			);
			inputFileListPaths = (
				"${PODS_ROOT}/Target Support Files/Pods-Reciplease/Pods-Reciplease-frameworks-${CONFIGURATION}-input-files.xcfilelist",
			);
			name = "[CP] Embed Pods Frameworks";
			outputFileListPaths = (
				"${PODS_ROOT}/Target Support Files/Pods-Reciplease/Pods-Reciplease-frameworks-${CONFIGURATION}-output-files.xcfilelist",
			);
			runOnlyForDeploymentPostprocessing = 0;
			shellPath = /bin/sh;
			shellScript = "\"${PODS_ROOT}/Target Support Files/Pods-Reciplease/Pods-Reciplease-frameworks.sh\"\n";
			showEnvVarsInLog = 0;
		};
		654ACD700AB37B2691209F48 /* [CP] Embed Pods Frameworks */ = {
			isa = PBXShellScriptBuildPhase;
			buildActionMask = 2147483647;
			files = (
			);
			inputFileListPaths = (
				"${PODS_ROOT}/Target Support Files/Pods-RecipleaseTests/Pods-RecipleaseTests-frameworks-${CONFIGURATION}-input-files.xcfilelist",
			);
			name = "[CP] Embed Pods Frameworks";
			outputFileListPaths = (
				"${PODS_ROOT}/Target Support Files/Pods-RecipleaseTests/Pods-RecipleaseTests-frameworks-${CONFIGURATION}-output-files.xcfilelist",
			);
			runOnlyForDeploymentPostprocessing = 0;
			shellPath = /bin/sh;
			shellScript = "\"${PODS_ROOT}/Target Support Files/Pods-RecipleaseTests/Pods-RecipleaseTests-frameworks.sh\"\n";
			showEnvVarsInLog = 0;
		};
/* End PBXShellScriptBuildPhase section */

/* Begin PBXSourcesBuildPhase section */
		5608F3E0235DF6AF008A8BA4 /* Sources */ = {
			isa = PBXSourcesBuildPhase;
			buildActionMask = 2147483647;
			files = (
				56FEA6EF23756D18002341C1 /* RecipesViewController.swift in Sources */,
				56C0939E2362EDD80030D85E /* SearchViewController.swift in Sources */,
				56FEA6F3237C4A36002341C1 /* SearchSession.swift in Sources */,
				56FEA6F7237C5DDA002341C1 /* SearchService.swift in Sources */,
				56FEA6EB237559EE002341C1 /* ErrorCases.swift in Sources */,
				56EA08F6238BE09C0087C1EE /* RecipeTableViewCell.swift in Sources */,
				56EA08EC2383E87F0087C1EE /* ExtensionsUIImageView.swift in Sources */,
				56FEA70E237D69BB002341C1 /* CoreDataStack.swift in Sources */,
				56FEA70C237D69A7002341C1 /* CoreDataManager.swift in Sources */,
				56C093A02362F4C40030D85E /* UIViewControllerExtension.swift in Sources */,
				56FEA6E9237558E7002341C1 /* Recipe.swift in Sources */,
				5608F3F0235DF6AF008A8BA4 /* Reciplease.xcdatamodeld in Sources */,
				56FEA70A237D6365002341C1 /* StringExtension.swift in Sources */,
				56EA08FA238BFA5F0087C1EE /* RecipeDetailsViewController.swift in Sources */,
				5608F3E8235DF6AF008A8BA4 /* AppDelegate.swift in Sources */,
			);
			runOnlyForDeploymentPostprocessing = 0;
		};
		56FEA6FB237D6071002341C1 /* Sources */ = {
			isa = PBXSourcesBuildPhase;
			buildActionMask = 2147483647;
			files = (
				56FEA702237D6072002341C1 /* SearchServiceTestCase.swift in Sources */,
				56FEA714237F0517002341C1 /* FakeResponseData.swift in Sources */,
				56FEA716237F0544002341C1 /* MockSearchSession.swift in Sources */,
				56EA08F32384532E0087C1EE /* CoreDataManagerTests.swift in Sources */,
				56EA08F1238452350087C1EE /* MockCoreDataStack.swift in Sources */,
			);
			runOnlyForDeploymentPostprocessing = 0;
		};
/* End PBXSourcesBuildPhase section */

/* Begin PBXTargetDependency section */
		56FEA705237D6072002341C1 /* PBXTargetDependency */ = {
			isa = PBXTargetDependency;
			target = 5608F3E3235DF6AF008A8BA4 /* Reciplease */;
			targetProxy = 56FEA704237D6072002341C1 /* PBXContainerItemProxy */;
		};
/* End PBXTargetDependency section */

/* Begin PBXVariantGroup section */
		5608F3EB235DF6AF008A8BA4 /* Main.storyboard */ = {
			isa = PBXVariantGroup;
			children = (
				5608F3EC235DF6AF008A8BA4 /* Base */,
			);
			name = Main.storyboard;
			sourceTree = "<group>";
		};
		5608F3F3235DF6BD008A8BA4 /* LaunchScreen.storyboard */ = {
			isa = PBXVariantGroup;
			children = (
				5608F3F4235DF6BD008A8BA4 /* Base */,
			);
			name = LaunchScreen.storyboard;
			sourceTree = "<group>";
		};
/* End PBXVariantGroup section */

/* Begin XCBuildConfiguration section */
		5608F3F7235DF6BD008A8BA4 /* Debug */ = {
			isa = XCBuildConfiguration;
			buildSettings = {
				ALWAYS_SEARCH_USER_PATHS = NO;
				CLANG_ANALYZER_NONNULL = YES;
				CLANG_ANALYZER_NUMBER_OBJECT_CONVERSION = YES_AGGRESSIVE;
				CLANG_CXX_LANGUAGE_STANDARD = "gnu++14";
				CLANG_CXX_LIBRARY = "libc++";
				CLANG_ENABLE_MODULES = YES;
				CLANG_ENABLE_OBJC_ARC = YES;
				CLANG_ENABLE_OBJC_WEAK = YES;
				CLANG_WARN_BLOCK_CAPTURE_AUTORELEASING = YES;
				CLANG_WARN_BOOL_CONVERSION = YES;
				CLANG_WARN_COMMA = YES;
				CLANG_WARN_CONSTANT_CONVERSION = YES;
				CLANG_WARN_DEPRECATED_OBJC_IMPLEMENTATIONS = YES;
				CLANG_WARN_DIRECT_OBJC_ISA_USAGE = YES_ERROR;
				CLANG_WARN_DOCUMENTATION_COMMENTS = YES;
				CLANG_WARN_EMPTY_BODY = YES;
				CLANG_WARN_ENUM_CONVERSION = YES;
				CLANG_WARN_INFINITE_RECURSION = YES;
				CLANG_WARN_INT_CONVERSION = YES;
				CLANG_WARN_NON_LITERAL_NULL_CONVERSION = YES;
				CLANG_WARN_OBJC_IMPLICIT_RETAIN_SELF = YES;
				CLANG_WARN_OBJC_LITERAL_CONVERSION = YES;
				CLANG_WARN_OBJC_ROOT_CLASS = YES_ERROR;
				CLANG_WARN_RANGE_LOOP_ANALYSIS = YES;
				CLANG_WARN_STRICT_PROTOTYPES = YES;
				CLANG_WARN_SUSPICIOUS_MOVE = YES;
				CLANG_WARN_UNGUARDED_AVAILABILITY = YES_AGGRESSIVE;
				CLANG_WARN_UNREACHABLE_CODE = YES;
				CLANG_WARN__DUPLICATE_METHOD_MATCH = YES;
				CODE_SIGN_IDENTITY = "iPhone Developer";
				COPY_PHASE_STRIP = NO;
				DEBUG_INFORMATION_FORMAT = dwarf;
				ENABLE_STRICT_OBJC_MSGSEND = YES;
				ENABLE_TESTABILITY = YES;
				GCC_C_LANGUAGE_STANDARD = gnu11;
				GCC_DYNAMIC_NO_PIC = NO;
				GCC_NO_COMMON_BLOCKS = YES;
				GCC_OPTIMIZATION_LEVEL = 0;
				GCC_PREPROCESSOR_DEFINITIONS = (
					"DEBUG=1",
					"$(inherited)",
				);
				GCC_WARN_64_TO_32_BIT_CONVERSION = YES;
				GCC_WARN_ABOUT_RETURN_TYPE = YES_ERROR;
				GCC_WARN_UNDECLARED_SELECTOR = YES;
				GCC_WARN_UNINITIALIZED_AUTOS = YES_AGGRESSIVE;
				GCC_WARN_UNUSED_FUNCTION = YES;
				GCC_WARN_UNUSED_VARIABLE = YES;
				IPHONEOS_DEPLOYMENT_TARGET = 12.4;
				MTL_ENABLE_DEBUG_INFO = INCLUDE_SOURCE;
				MTL_FAST_MATH = YES;
				ONLY_ACTIVE_ARCH = YES;
				SDKROOT = iphoneos;
				SWIFT_ACTIVE_COMPILATION_CONDITIONS = DEBUG;
				SWIFT_OPTIMIZATION_LEVEL = "-Onone";
			};
			name = Debug;
		};
		5608F3F8235DF6BD008A8BA4 /* Release */ = {
			isa = XCBuildConfiguration;
			buildSettings = {
				ALWAYS_SEARCH_USER_PATHS = NO;
				CLANG_ANALYZER_NONNULL = YES;
				CLANG_ANALYZER_NUMBER_OBJECT_CONVERSION = YES_AGGRESSIVE;
				CLANG_CXX_LANGUAGE_STANDARD = "gnu++14";
				CLANG_CXX_LIBRARY = "libc++";
				CLANG_ENABLE_MODULES = YES;
				CLANG_ENABLE_OBJC_ARC = YES;
				CLANG_ENABLE_OBJC_WEAK = YES;
				CLANG_WARN_BLOCK_CAPTURE_AUTORELEASING = YES;
				CLANG_WARN_BOOL_CONVERSION = YES;
				CLANG_WARN_COMMA = YES;
				CLANG_WARN_CONSTANT_CONVERSION = YES;
				CLANG_WARN_DEPRECATED_OBJC_IMPLEMENTATIONS = YES;
				CLANG_WARN_DIRECT_OBJC_ISA_USAGE = YES_ERROR;
				CLANG_WARN_DOCUMENTATION_COMMENTS = YES;
				CLANG_WARN_EMPTY_BODY = YES;
				CLANG_WARN_ENUM_CONVERSION = YES;
				CLANG_WARN_INFINITE_RECURSION = YES;
				CLANG_WARN_INT_CONVERSION = YES;
				CLANG_WARN_NON_LITERAL_NULL_CONVERSION = YES;
				CLANG_WARN_OBJC_IMPLICIT_RETAIN_SELF = YES;
				CLANG_WARN_OBJC_LITERAL_CONVERSION = YES;
				CLANG_WARN_OBJC_ROOT_CLASS = YES_ERROR;
				CLANG_WARN_RANGE_LOOP_ANALYSIS = YES;
				CLANG_WARN_STRICT_PROTOTYPES = YES;
				CLANG_WARN_SUSPICIOUS_MOVE = YES;
				CLANG_WARN_UNGUARDED_AVAILABILITY = YES_AGGRESSIVE;
				CLANG_WARN_UNREACHABLE_CODE = YES;
				CLANG_WARN__DUPLICATE_METHOD_MATCH = YES;
				CODE_SIGN_IDENTITY = "iPhone Developer";
				COPY_PHASE_STRIP = NO;
				DEBUG_INFORMATION_FORMAT = "dwarf-with-dsym";
				ENABLE_NS_ASSERTIONS = NO;
				ENABLE_STRICT_OBJC_MSGSEND = YES;
				GCC_C_LANGUAGE_STANDARD = gnu11;
				GCC_NO_COMMON_BLOCKS = YES;
				GCC_WARN_64_TO_32_BIT_CONVERSION = YES;
				GCC_WARN_ABOUT_RETURN_TYPE = YES_ERROR;
				GCC_WARN_UNDECLARED_SELECTOR = YES;
				GCC_WARN_UNINITIALIZED_AUTOS = YES_AGGRESSIVE;
				GCC_WARN_UNUSED_FUNCTION = YES;
				GCC_WARN_UNUSED_VARIABLE = YES;
				IPHONEOS_DEPLOYMENT_TARGET = 12.4;
				MTL_ENABLE_DEBUG_INFO = NO;
				MTL_FAST_MATH = YES;
				SDKROOT = iphoneos;
				SWIFT_COMPILATION_MODE = wholemodule;
				SWIFT_OPTIMIZATION_LEVEL = "-O";
				VALIDATE_PRODUCT = YES;
			};
			name = Release;
		};
		5608F3FA235DF6BD008A8BA4 /* Debug */ = {
			isa = XCBuildConfiguration;
			baseConfigurationReference = 85053C61EFADB588A3449B26 /* Pods-Reciplease.debug.xcconfig */;
			buildSettings = {
				ASSETCATALOG_COMPILER_APPICON_NAME = AppIcon;
				CODE_SIGN_STYLE = Automatic;
				INFOPLIST_FILE = "$(SRCROOT)/Reciplease/Supporting Files/Info.plist";
				LD_RUNPATH_SEARCH_PATHS = (
					"$(inherited)",
					"@executable_path/Frameworks",
				);
				PRODUCT_BUNDLE_IDENTIFIER = fr.paulinenomballais.Reciplease;
				PRODUCT_NAME = "$(TARGET_NAME)";
				SWIFT_VERSION = 5.0;
				TARGETED_DEVICE_FAMILY = "1,2";
			};
			name = Debug;
		};
		5608F3FB235DF6BD008A8BA4 /* Release */ = {
			isa = XCBuildConfiguration;
			baseConfigurationReference = 60DEFFD74D192FEBD7BAA427 /* Pods-Reciplease.release.xcconfig */;
			buildSettings = {
				ASSETCATALOG_COMPILER_APPICON_NAME = AppIcon;
				CODE_SIGN_STYLE = Automatic;
				INFOPLIST_FILE = "$(SRCROOT)/Reciplease/Supporting Files/Info.plist";
				LD_RUNPATH_SEARCH_PATHS = (
					"$(inherited)",
					"@executable_path/Frameworks",
				);
				PRODUCT_BUNDLE_IDENTIFIER = fr.paulinenomballais.Reciplease;
				PRODUCT_NAME = "$(TARGET_NAME)";
				SWIFT_VERSION = 5.0;
				TARGETED_DEVICE_FAMILY = "1,2";
			};
			name = Release;
		};
		56FEA706237D6072002341C1 /* Debug */ = {
			isa = XCBuildConfiguration;
			baseConfigurationReference = 276ED32BFC3233B10D95F6EA /* Pods-RecipleaseTests.debug.xcconfig */;
			buildSettings = {
				BUNDLE_LOADER = "$(TEST_HOST)";
				CODE_SIGN_STYLE = Automatic;
				INFOPLIST_FILE = RecipleaseTests/Info.plist;
				LD_RUNPATH_SEARCH_PATHS = (
					"$(inherited)",
					"@executable_path/Frameworks",
					"@loader_path/Frameworks",
				);
				PRODUCT_BUNDLE_IDENTIFIER = fr.paulinenomballais.RecipleaseTests;
				PRODUCT_NAME = "$(TARGET_NAME)";
				SWIFT_VERSION = 5.0;
				TARGETED_DEVICE_FAMILY = "1,2";
				TEST_HOST = "$(BUILT_PRODUCTS_DIR)/Reciplease.app/Reciplease";
			};
			name = Debug;
		};
		56FEA707237D6072002341C1 /* Release */ = {
			isa = XCBuildConfiguration;
			baseConfigurationReference = 5B5FA066B921F1AA4F3CA942 /* Pods-RecipleaseTests.release.xcconfig */;
			buildSettings = {
				BUNDLE_LOADER = "$(TEST_HOST)";
				CODE_SIGN_STYLE = Automatic;
				INFOPLIST_FILE = RecipleaseTests/Info.plist;
				LD_RUNPATH_SEARCH_PATHS = (
					"$(inherited)",
					"@executable_path/Frameworks",
					"@loader_path/Frameworks",
				);
				PRODUCT_BUNDLE_IDENTIFIER = fr.paulinenomballais.RecipleaseTests;
				PRODUCT_NAME = "$(TARGET_NAME)";
				SWIFT_VERSION = 5.0;
				TARGETED_DEVICE_FAMILY = "1,2";
				TEST_HOST = "$(BUILT_PRODUCTS_DIR)/Reciplease.app/Reciplease";
			};
			name = Release;
		};
/* End XCBuildConfiguration section */

/* Begin XCConfigurationList section */
		5608F3DF235DF6AF008A8BA4 /* Build configuration list for PBXProject "Reciplease" */ = {
			isa = XCConfigurationList;
			buildConfigurations = (
				5608F3F7235DF6BD008A8BA4 /* Debug */,
				5608F3F8235DF6BD008A8BA4 /* Release */,
			);
			defaultConfigurationIsVisible = 0;
			defaultConfigurationName = Release;
		};
		5608F3F9235DF6BD008A8BA4 /* Build configuration list for PBXNativeTarget "Reciplease" */ = {
			isa = XCConfigurationList;
			buildConfigurations = (
				5608F3FA235DF6BD008A8BA4 /* Debug */,
				5608F3FB235DF6BD008A8BA4 /* Release */,
			);
			defaultConfigurationIsVisible = 0;
			defaultConfigurationName = Release;
		};
		56FEA708237D6072002341C1 /* Build configuration list for PBXNativeTarget "RecipleaseTests" */ = {
			isa = XCConfigurationList;
			buildConfigurations = (
				56FEA706237D6072002341C1 /* Debug */,
				56FEA707237D6072002341C1 /* Release */,
			);
			defaultConfigurationIsVisible = 0;
			defaultConfigurationName = Release;
		};
/* End XCConfigurationList section */

/* Begin XCVersionGroup section */
		5608F3EE235DF6AF008A8BA4 /* Reciplease.xcdatamodeld */ = {
			isa = XCVersionGroup;
			children = (
				5608F3EF235DF6AF008A8BA4 /* Reciplease.xcdatamodel */,
			);
			currentVersion = 5608F3EF235DF6AF008A8BA4 /* Reciplease.xcdatamodel */;
			path = Reciplease.xcdatamodeld;
			sourceTree = "<group>";
			versionGroupType = wrapper.xcdatamodel;
		};
/* End XCVersionGroup section */
	};
	rootObject = 5608F3DC235DF6AF008A8BA4 /* Project object */;
}
